
Microsoft Visual Studio Solution File, Format Version 12.00
# Visual Studio Version 16
VisualStudioVersion = 16.0.30002.166
MinimumVisualStudioVersion = 10.0.40219.1
Project("{FAE04EC0-301F-11D3-BF4B-00C04F79EFBC}") = "save_the_humans", "save_the_humans\save_the_humans.csproj", "{61825053-D7D8-414D-A13D-5353170DB554}"
EndProject
Global
	GlobalSection(SolutionConfigurationPlatforms) = preSolution
		Debug|Any CPU = Debug|Any CPU
		Release|Any CPU = Release|Any CPU
	EndGlobalSection
	GlobalSection(ProjectConfigurationPlatforms) = postSolution
		{61825053-D7D8-414D-A13D-5353170DB554}.Debug|Any CPU.ActiveCfg = Debug|Any CPU
		{61825053-D7D8-414D-A13D-5353170DB554}.Debug|Any CPU.Build.0 = Debug|Any CPU
		{61825053-D7D8-414D-A13D-5353170DB554}.Release|Any CPU.ActiveCfg = Release|Any CPU
		{61825053-D7D8-414D-A13D-5353170DB554}.Release|Any CPU.Build.0 = Release|Any CPU
	EndGlobalSection
	GlobalSection(SolutionProperties) = preSolution
		HideSolutionNode = FALSE
	EndGlobalSection
	GlobalSection(ExtensibilityGlobals) = postSolution
		SolutionGuid = {FCD1E8F6-6357-426E-8CD7-74475B98BF2E}
	EndGlobalSection
EndGlobal
